
Microsoft Visual Studio Solution File, Format Version 12.00
# Visual Studio Version 17
VisualStudioVersion = 17.0.32112.339
MinimumVisualStudioVersion = 10.0.40219.1
Project("{FAE04EC0-301F-11D3-BF4B-00C04F79EFBC}") = "SECS_Agent_1.0", "SECS_Agent_1.0\SECS_Agent_1.0.csproj", "{3B3459A0-591D-43BC-ABB7-218BB770B157}"
EndProject
Project("{FAE04EC0-301F-11D3-BF4B-00C04F79EFBC}") = "SECSTool", "..\SECSTool\SECSTool.csproj", "{AAC4BD07-9EB4-4B36-B545-CA745716F288}"
EndProject
Global
	GlobalSection(SolutionConfigurationPlatforms) = preSolution
		Debug|Any CPU = Debug|Any CPU
		Release|Any CPU = Release|Any CPU
	EndGlobalSection
	GlobalSection(ProjectConfigurationPlatforms) = postSolution
		{3B3459A0-591D-43BC-ABB7-218BB770B157}.Debug|Any CPU.ActiveCfg = Debug|Any CPU
		{3B3459A0-591D-43BC-ABB7-218BB770B157}.Debug|Any CPU.Build.0 = Debug|Any CPU
		{3B3459A0-591D-43BC-ABB7-218BB770B157}.Release|Any CPU.ActiveCfg = Release|Any CPU
		{3B3459A0-591D-43BC-ABB7-218BB770B157}.Release|Any CPU.Build.0 = Release|Any CPU
		{AAC4BD07-9EB4-4B36-B545-CA745716F288}.Debug|Any CPU.ActiveCfg = Debug|Any CPU
		{AAC4BD07-9EB4-4B36-B545-CA745716F288}.Debug|Any CPU.Build.0 = Debug|Any CPU
		{AAC4BD07-9EB4-4B36-B545-CA745716F288}.Release|Any CPU.ActiveCfg = Release|Any CPU
		{AAC4BD07-9EB4-4B36-B545-CA745716F288}.Release|Any CPU.Build.0 = Release|Any CPU
	EndGlobalSection
	GlobalSection(SolutionProperties) = preSolution
		HideSolutionNode = FALSE
	EndGlobalSection
	GlobalSection(ExtensibilityGlobals) = postSolution
		SolutionGuid = {E402D455-1716-4FA3-B71F-497ED1CC9966}
	EndGlobalSection
EndGlobal
